// !$*UTF8*$!
{
	archiveVersion = 1;
	classes = {
	};
	objectVersion = 48;
	objects = {

/* Begin PBXBuildFile section */
		250133F4205AD9D800177E90 /* AppDelegate.swift in Sources */ = {isa = PBXBuildFile; fileRef = 250133F3205AD9D800177E90 /* AppDelegate.swift */; };
		250133F6205AD9D800177E90 /* MasterViewController.swift in Sources */ = {isa = PBXBuildFile; fileRef = 250133F5205AD9D800177E90 /* MasterViewController.swift */; };
		250133F8205AD9D800177E90 /* DetailViewController.swift in Sources */ = {isa = PBXBuildFile; fileRef = 250133F7205AD9D800177E90 /* DetailViewController.swift */; };
		250133FB205AD9D800177E90 /* Main.storyboard in Resources */ = {isa = PBXBuildFile; fileRef = 250133F9205AD9D800177E90 /* Main.storyboard */; };
		250133FD205AD9D800177E90 /* Assets.xcassets in Resources */ = {isa = PBXBuildFile; fileRef = 250133FC205AD9D800177E90 /* Assets.xcassets */; };
		25013400205AD9D800177E90 /* LaunchScreen.storyboard in Resources */ = {isa = PBXBuildFile; fileRef = 250133FE205AD9D800177E90 /* LaunchScreen.storyboard */; };
/* End PBXBuildFile section */

/* Begin PBXFileReference section */
		250133F0205AD9D800177E90 /* Bellbird.app */ = {isa = PBXFileReference; explicitFileType = wrapper.application; includeInIndex = 0; path = Bellbird.app; sourceTree = BUILT_PRODUCTS_DIR; };
		250133F3205AD9D800177E90 /* AppDelegate.swift */ = {isa = PBXFileReference; lastKnownFileType = sourcecode.swift; path = AppDelegate.swift; sourceTree = "<group>"; };
		250133F5205AD9D800177E90 /* MasterViewController.swift */ = {isa = PBXFileReference; lastKnownFileType = sourcecode.swift; path = MasterViewController.swift; sourceTree = "<group>"; };
		250133F7205AD9D800177E90 /* DetailViewController.swift */ = {isa = PBXFileReference; lastKnownFileType = sourcecode.swift; path = DetailViewController.swift; sourceTree = "<group>"; };
		250133FA205AD9D800177E90 /* Base */ = {isa = PBXFileReference; lastKnownFileType = file.storyboard; name = Base; path = Base.lproj/Main.storyboard; sourceTree = "<group>"; };
		250133FC205AD9D800177E90 /* Assets.xcassets */ = {isa = PBXFileReference; lastKnownFileType = folder.assetcatalog; path = Assets.xcassets; sourceTree = "<group>"; };
		250133FF205AD9D800177E90 /* Base */ = {isa = PBXFileReference; lastKnownFileType = file.storyboard; name = Base; path = Base.lproj/LaunchScreen.storyboard; sourceTree = "<group>"; };
		25013401205AD9D800177E90 /* Info.plist */ = {isa = PBXFileReference; lastKnownFileType = text.plist.xml; path = Info.plist; sourceTree = "<group>"; };
/* End PBXFileReference section */

/* Begin PBXFrameworksBuildPhase section */
		250133ED205AD9D800177E90 /* Frameworks */ = {
			isa = PBXFrameworksBuildPhase;
			buildActionMask = 2147483647;
			files = (
			);
			runOnlyForDeploymentPostprocessing = 0;
		};
/* End PBXFrameworksBuildPhase section */

/* Begin PBXGroup section */
		250133E7205AD9D800177E90 = {
			isa = PBXGroup;
			children = (
				250133F2205AD9D800177E90 /* Bellbird */,
				250133F1205AD9D800177E90 /* Products */,
			);
			sourceTree = "<group>";
		};
		250133F1205AD9D800177E90 /* Products */ = {
			isa = PBXGroup;
			children = (
				250133F0205AD9D800177E90 /* Bellbird.app */,
			);
			name = Products;
			sourceTree = "<group>";
		};
		250133F2205AD9D800177E90 /* Bellbird */ = {
			isa = PBXGroup;
			children = (
				250133F3205AD9D800177E90 /* AppDelegate.swift */,
				250133F5205AD9D800177E90 /* MasterViewController.swift */,
				250133F7205AD9D800177E90 /* DetailViewController.swift */,
				250133F9205AD9D800177E90 /* Main.storyboard */,
				250133FC205AD9D800177E90 /* Assets.xcassets */,
				250133FE205AD9D800177E90 /* LaunchScreen.storyboard */,
				25013401205AD9D800177E90 /* Info.plist */,
			);
			path = Bellbird;
			sourceTree = "<group>";
		};
/* End PBXGroup section */

/* Begin PBXNativeTarget section */
		250133EF205AD9D800177E90 /* Bellbird */ = {
			isa = PBXNativeTarget;
			buildConfigurationList = 25013404205AD9D800177E90 /* Build configuration list for PBXNativeTarget "Bellbird" */;
			buildPhases = (
				250133EC205AD9D800177E90 /* Sources */,
				250133ED205AD9D800177E90 /* Frameworks */,
				250133EE205AD9D800177E90 /* Resources */,
			);
			buildRules = (
			);
			dependencies = (
			);
			name = Bellbird;
			productName = Bellbird;
			productReference = 250133F0205AD9D800177E90 /* Bellbird.app */;
			productType = "com.apple.product-type.application";
		};
/* End PBXNativeTarget section */

/* Begin PBXProject section */
		250133E8205AD9D800177E90 /* Project object */ = {
			isa = PBXProject;
			attributes = {
				LastSwiftUpdateCheck = 0920;
				LastUpgradeCheck = 0920;
				ORGANIZATIONNAME = Handshake;
				TargetAttributes = {
					250133EF205AD9D800177E90 = {
						CreatedOnToolsVersion = 9.2;
						ProvisioningStyle = Automatic;
					};
				};
			};
			buildConfigurationList = 250133EB205AD9D800177E90 /* Build configuration list for PBXProject "Bellbird" */;
			compatibilityVersion = "Xcode 8.0";
			developmentRegion = en;
			hasScannedForEncodings = 0;
			knownRegions = (
				en,
				Base,
			);
			mainGroup = 250133E7205AD9D800177E90;
			productRefGroup = 250133F1205AD9D800177E90 /* Products */;
			projectDirPath = "";
			projectRoot = "";
			targets = (
				250133EF205AD9D800177E90 /* Bellbird */,
			);
		};
/* End PBXProject section */

/* Begin PBXResourcesBuildPhase section */
		250133EE205AD9D800177E90 /* Resources */ = {
			isa = PBXResourcesBuildPhase;
			buildActionMask = 2147483647;
			files = (
				25013400205AD9D800177E90 /* LaunchScreen.storyboard in Resources */,
				250133FD205AD9D800177E90 /* Assets.xcassets in Resources */,
				250133FB205AD9D800177E90 /* Main.storyboard in Resources */,
			);
			runOnlyForDeploymentPostprocessing = 0;
		};
/* End PBXResourcesBuildPhase section */

/* Begin PBXSourcesBuildPhase section */
		250133EC205AD9D800177E90 /* Sources */ = {
			isa = PBXSourcesBuildPhase;
			buildActionMask = 2147483647;
			files = (
				250133F8205AD9D800177E90 /* DetailViewController.swift in Sources */,
				250133F6205AD9D800177E90 /* MasterViewController.swift in Sources */,
				250133F4205AD9D800177E90 /* AppDelegate.swift in Sources */,
			);
			runOnlyForDeploymentPostprocessing = 0;
		};
/* End PBXSourcesBuildPhase section */

/* Begin PBXVariantGroup section */
		250133F9205AD9D800177E90 /* Main.storyboard */ = {
			isa = PBXVariantGroup;
			children = (
				250133FA205AD9D800177E90 /* Base */,
			);
			name = Main.storyboard;
			sourceTree = "<group>";
		};
		250133FE205AD9D800177E90 /* LaunchScreen.storyboard */ = {
			isa = PBXVariantGroup;
			children = (
				250133FF205AD9D800177E90 /* Base */,
			);
			name = LaunchScreen.storyboard;
			sourceTree = "<group>";
		};
/* End PBXVariantGroup section */

/* Begin XCBuildConfiguration section */
		25013402205AD9D800177E90 /* Debug */ = {
			isa = XCBuildConfiguration;
			buildSettings = {
				ALWAYS_SEARCH_USER_PATHS = NO;
				CLANG_ANALYZER_NONNULL = YES;
				CLANG_ANALYZER_NUMBER_OBJECT_CONVERSION = YES_AGGRESSIVE;
				CLANG_CXX_LANGUAGE_STANDARD = "gnu++14";
				CLANG_CXX_LIBRARY = "libc++";
				CLANG_ENABLE_MODULES = YES;
				CLANG_ENABLE_OBJC_ARC = YES;
				CLANG_WARN_BLOCK_CAPTURE_AUTORELEASING = YES;
				CLANG_WARN_BOOL_CONVERSION = YES;
				CLANG_WARN_COMMA = YES;
				CLANG_WARN_CONSTANT_CONVERSION = YES;
				CLANG_WARN_DIRECT_OBJC_ISA_USAGE = YES_ERROR;
				CLANG_WARN_DOCUMENTATION_COMMENTS = YES;
				CLANG_WARN_EMPTY_BODY = YES;
				CLANG_WARN_ENUM_CONVERSION = YES;
				CLANG_WARN_INFINITE_RECURSION = YES;
				CLANG_WARN_INT_CONVERSION = YES;
				CLANG_WARN_NON_LITERAL_NULL_CONVERSION = YES;
				CLANG_WARN_OBJC_LITERAL_CONVERSION = YES;
				CLANG_WARN_OBJC_ROOT_CLASS = YES_ERROR;
				CLANG_WARN_RANGE_LOOP_ANALYSIS = YES;
				CLANG_WARN_STRICT_PROTOTYPES = YES;
				CLANG_WARN_SUSPICIOUS_MOVE = YES;
				CLANG_WARN_UNGUARDED_AVAILABILITY = YES_AGGRESSIVE;
				CLANG_WARN_UNREACHABLE_CODE = YES;
				CLANG_WARN__DUPLICATE_METHOD_MATCH = YES;
				CODE_SIGN_IDENTITY = "iPhone Developer";
				COPY_PHASE_STRIP = NO;
				DEBUG_INFORMATION_FORMAT = dwarf;
				ENABLE_STRICT_OBJC_MSGSEND = YES;
				ENABLE_TESTABILITY = YES;
				GCC_C_LANGUAGE_STANDARD = gnu11;
				GCC_DYNAMIC_NO_PIC = NO;
				GCC_NO_COMMON_BLOCKS = YES;
				GCC_OPTIMIZATION_LEVEL = 0;
				GCC_PREPROCESSOR_DEFINITIONS = (
					"DEBUG=1",
					"$(inherited)",
				);
				GCC_WARN_64_TO_32_BIT_CONVERSION = YES;
				GCC_WARN_ABOUT_RETURN_TYPE = YES_ERROR;
				GCC_WARN_UNDECLARED_SELECTOR = YES;
				GCC_WARN_UNINITIALIZED_AUTOS = YES_AGGRESSIVE;
				GCC_WARN_UNUSED_FUNCTION = YES;
				GCC_WARN_UNUSED_VARIABLE = YES;
				IPHONEOS_DEPLOYMENT_TARGET = 11.2;
				MTL_ENABLE_DEBUG_INFO = YES;
				ONLY_ACTIVE_ARCH = YES;
				SDKROOT = iphoneos;
				SWIFT_ACTIVE_COMPILATION_CONDITIONS = DEBUG;
				SWIFT_OPTIMIZATION_LEVEL = "-Onone";
			};
			name = Debug;
		};
		25013403205AD9D800177E90 /* Release */ = {
			isa = XCBuildConfiguration;
			buildSettings = {
				ALWAYS_SEARCH_USER_PATHS = NO;
				CLANG_ANALYZER_NONNULL = YES;
				CLANG_ANALYZER_NUMBER_OBJECT_CONVERSION = YES_AGGRESSIVE;
				CLANG_CXX_LANGUAGE_STANDARD = "gnu++14";
				CLANG_CXX_LIBRARY = "libc++";
				CLANG_ENABLE_MODULES = YES;
				CLANG_ENABLE_OBJC_ARC = YES;
				CLANG_WARN_BLOCK_CAPTURE_AUTORELEASING = YES;
				CLANG_WARN_BOOL_CONVERSION = YES;
				CLANG_WARN_COMMA = YES;
				CLANG_WARN_CONSTANT_CONVERSION = YES;
				CLANG_WARN_DIRECT_OBJC_ISA_USAGE = YES_ERROR;
				CLANG_WARN_DOCUMENTATION_COMMENTS = YES;
				CLANG_WARN_EMPTY_BODY = YES;
				CLANG_WARN_ENUM_CONVERSION = YES;
				CLANG_WARN_INFINITE_RECURSION = YES;
				CLANG_WARN_INT_CONVERSION = YES;
				CLANG_WARN_NON_LITERAL_NULL_CONVERSION = YES;
				CLANG_WARN_OBJC_LITERAL_CONVERSION = YES;
				CLANG_WARN_OBJC_ROOT_CLASS = YES_ERROR;
				CLANG_WARN_RANGE_LOOP_ANALYSIS = YES;
				CLANG_WARN_STRICT_PROTOTYPES = YES;
				CLANG_WARN_SUSPICIOUS_MOVE = YES;
				CLANG_WARN_UNGUARDED_AVAILABILITY = YES_AGGRESSIVE;
				CLANG_WARN_UNREACHABLE_CODE = YES;
				CLANG_WARN__DUPLICATE_METHOD_MATCH = YES;
				CODE_SIGN_IDENTITY = "iPhone Developer";
				COPY_PHASE_STRIP = NO;
				DEBUG_INFORMATION_FORMAT = "dwarf-with-dsym";
				ENABLE_NS_ASSERTIONS = NO;
				ENABLE_STRICT_OBJC_MSGSEND = YES;
				GCC_C_LANGUAGE_STANDARD = gnu11;
				GCC_NO_COMMON_BLOCKS = YES;
				GCC_WARN_64_TO_32_BIT_CONVERSION = YES;
				GCC_WARN_ABOUT_RETURN_TYPE = YES_ERROR;
				GCC_WARN_UNDECLARED_SELECTOR = YES;
				GCC_WARN_UNINITIALIZED_AUTOS = YES_AGGRESSIVE;
				GCC_WARN_UNUSED_FUNCTION = YES;
				GCC_WARN_UNUSED_VARIABLE = YES;
				IPHONEOS_DEPLOYMENT_TARGET = 11.2;
				MTL_ENABLE_DEBUG_INFO = NO;
				SDKROOT = iphoneos;
				SWIFT_OPTIMIZATION_LEVEL = "-Owholemodule";
				VALIDATE_PRODUCT = YES;
			};
			name = Release;
		};
		25013405205AD9D800177E90 /* Debug */ = {
			isa = XCBuildConfiguration;
			buildSettings = {
				ASSETCATALOG_COMPILER_APPICON_NAME = AppIcon;
				CODE_SIGN_STYLE = Automatic;
				DEVELOPMENT_TEAM = JJNWD2J7X4;
				INFOPLIST_FILE = Bellbird/Info.plist;
				LD_RUNPATH_SEARCH_PATHS = "$(inherited) @executable_path/Frameworks";
				PRODUCT_BUNDLE_IDENTIFIER = com.blakebarrett.Bellbird;
				PRODUCT_NAME = "$(TARGET_NAME)";
				SWIFT_VERSION = 4.0;
				TARGETED_DEVICE_FAMILY = "1,2";
			};
			name = Debug;
		};
		25013406205AD9D800177E90 /* Release */ = {
			isa = XCBuildConfiguration;
			buildSettings = {
				ASSETCATALOG_COMPILER_APPICON_NAME = AppIcon;
				CODE_SIGN_STYLE = Automatic;
				DEVELOPMENT_TEAM = JJNWD2J7X4;
				INFOPLIST_FILE = Bellbird/Info.plist;
				LD_RUNPATH_SEARCH_PATHS = "$(inherited) @executable_path/Frameworks";
				PRODUCT_BUNDLE_IDENTIFIER = com.blakebarrett.Bellbird;
				PRODUCT_NAME = "$(TARGET_NAME)";
				SWIFT_VERSION = 4.0;
				TARGETED_DEVICE_FAMILY = "1,2";
			};
			name = Release;
		};
/* End XCBuildConfiguration section */

/* Begin XCConfigurationList section */
		250133EB205AD9D800177E90 /* Build configuration list for PBXProject "Bellbird" */ = {
			isa = XCConfigurationList;
			buildConfigurations = (
				25013402205AD9D800177E90 /* Debug */,
				25013403205AD9D800177E90 /* Release */,
			);
			defaultConfigurationIsVisible = 0;
			defaultConfigurationName = Release;
		};
		25013404205AD9D800177E90 /* Build configuration list for PBXNativeTarget "Bellbird" */ = {
			isa = XCConfigurationList;
			buildConfigurations = (
				25013405205AD9D800177E90 /* Debug */,
				25013406205AD9D800177E90 /* Release */,
			);
			defaultConfigurationIsVisible = 0;
			defaultConfigurationName = Release;
		};
/* End XCConfigurationList section */
	};
	rootObject = 250133E8205AD9D800177E90 /* Project object */;
}
